
Microsoft Visual Studio Solution File, Format Version 12.00
# Visual Studio Version 17
VisualStudioVersion = 17.6.33815.320
MinimumVisualStudioVersion = 10.0.40219.1
Project("{FAE04EC0-301F-11D3-BF4B-00C04F79EFBC}") = "Leetcode Blind 75", "Leetcode Blind 75.csproj", "{111CAD5B-39DE-405E-8A66-1F4C9A7F1240}"
EndProject
Global
	GlobalSection(SolutionConfigurationPlatforms) = preSolution
		Debug|Any CPU = Debug|Any CPU
		Release|Any CPU = Release|Any CPU
	EndGlobalSection
	GlobalSection(ProjectConfigurationPlatforms) = postSolution
		{111CAD5B-39DE-405E-8A66-1F4C9A7F1240}.Debug|Any CPU.ActiveCfg = Debug|Any CPU
		{111CAD5B-39DE-405E-8A66-1F4C9A7F1240}.Debug|Any CPU.Build.0 = Debug|Any CPU
		{111CAD5B-39DE-405E-8A66-1F4C9A7F1240}.Release|Any CPU.ActiveCfg = Release|Any CPU
		{111CAD5B-39DE-405E-8A66-1F4C9A7F1240}.Release|Any CPU.Build.0 = Release|Any CPU
	EndGlobalSection
	GlobalSection(SolutionProperties) = preSolution
		HideSolutionNode = FALSE
	EndGlobalSection
	GlobalSection(ExtensibilityGlobals) = postSolution
		SolutionGuid = {01FCEFF9-75DF-4D42-AB48-C604BCFE3047}
	EndGlobalSection
EndGlobal
